
Microsoft Visual Studio Solution File, Format Version 12.00
# Visual Studio Version 16
VisualStudioVersion = 16.0.31402.337
MinimumVisualStudioVersion = 10.0.40219.1
Project("{FAE04EC0-301F-11D3-BF4B-00C04F79EFBC}") = "CelduApp", "CelduApp\CelduApp.csproj", "{2B69C75F-A78D-43C3-9B1B-1BC52E530834}"
EndProject
Global
	GlobalSection(SolutionConfigurationPlatforms) = preSolution
		Debug|Any CPU = Debug|Any CPU
		Release|Any CPU = Release|Any CPU
	EndGlobalSection
	GlobalSection(ProjectConfigurationPlatforms) = postSolution
		{2B69C75F-A78D-43C3-9B1B-1BC52E530834}.Debug|Any CPU.ActiveCfg = Debug|Any CPU
		{2B69C75F-A78D-43C3-9B1B-1BC52E530834}.Debug|Any CPU.Build.0 = Debug|Any CPU
		{2B69C75F-A78D-43C3-9B1B-1BC52E530834}.Release|Any CPU.ActiveCfg = Release|Any CPU
		{2B69C75F-A78D-43C3-9B1B-1BC52E530834}.Release|Any CPU.Build.0 = Release|Any CPU
	EndGlobalSection
	GlobalSection(SolutionProperties) = preSolution
		HideSolutionNode = FALSE
	EndGlobalSection
	GlobalSection(ExtensibilityGlobals) = postSolution
		SolutionGuid = {C26F5A53-3BE8-4F63-AD76-688897CE4B96}
	EndGlobalSection
EndGlobal
